
Microsoft Visual Studio Solution File, Format Version 12.00
# Visual Studio Version 17
VisualStudioVersion = 17.7.34024.191
MinimumVisualStudioVersion = 10.0.40219.1
Project("{8BC9CEB8-8B4A-11D0-8D11-00A0C91BC942}") = "PR 4.5", "PR 4.5\PR 4.5.vcxproj", "{39F06665-0D00-4F30-8488-36D11ACE61EE}"
EndProject
Global
	GlobalSection(SolutionConfigurationPlatforms) = preSolution
		Debug|x64 = Debug|x64
		Debug|x86 = Debug|x86
		Release|x64 = Release|x64
		Release|x86 = Release|x86
	EndGlobalSection
	GlobalSection(ProjectConfigurationPlatforms) = postSolution
		{39F06665-0D00-4F30-8488-36D11ACE61EE}.Debug|x64.ActiveCfg = Debug|x64
		{39F06665-0D00-4F30-8488-36D11ACE61EE}.Debug|x64.Build.0 = Debug|x64
		{39F06665-0D00-4F30-8488-36D11ACE61EE}.Debug|x86.ActiveCfg = Debug|Win32
		{39F06665-0D00-4F30-8488-36D11ACE61EE}.Debug|x86.Build.0 = Debug|Win32
		{39F06665-0D00-4F30-8488-36D11ACE61EE}.Release|x64.ActiveCfg = Release|x64
		{39F06665-0D00-4F30-8488-36D11ACE61EE}.Release|x64.Build.0 = Release|x64
		{39F06665-0D00-4F30-8488-36D11ACE61EE}.Release|x86.ActiveCfg = Release|Win32
		{39F06665-0D00-4F30-8488-36D11ACE61EE}.Release|x86.Build.0 = Release|Win32
	EndGlobalSection
	GlobalSection(SolutionProperties) = preSolution
		HideSolutionNode = FALSE
	EndGlobalSection
	GlobalSection(ExtensibilityGlobals) = postSolution
		SolutionGuid = {56D1CA4D-A846-401F-9535-D944650AFA25}
	EndGlobalSection
EndGlobal
